
Microsoft Visual Studio Solution File, Format Version 12.00
# Visual Studio Version 17
VisualStudioVersion = 17.9.34701.34
MinimumVisualStudioVersion = 10.0.40219.1
Project("{FAE04EC0-301F-11D3-BF4B-00C04F79EFBC}") = "QLSV", "QLSV\QLSV.csproj", "{3B1D945E-215C-40D6-AF0D-089FFC54B9B9}"
EndProject
Global
	GlobalSection(SolutionConfigurationPlatforms) = preSolution
		Debug|Any CPU = Debug|Any CPU
		Release|Any CPU = Release|Any CPU
	EndGlobalSection
	GlobalSection(ProjectConfigurationPlatforms) = postSolution
		{3B1D945E-215C-40D6-AF0D-089FFC54B9B9}.Debug|Any CPU.ActiveCfg = Debug|Any CPU
		{3B1D945E-215C-40D6-AF0D-089FFC54B9B9}.Debug|Any CPU.Build.0 = Debug|Any CPU
		{3B1D945E-215C-40D6-AF0D-089FFC54B9B9}.Release|Any CPU.ActiveCfg = Release|Any CPU
		{3B1D945E-215C-40D6-AF0D-089FFC54B9B9}.Release|Any CPU.Build.0 = Release|Any CPU
	EndGlobalSection
	GlobalSection(SolutionProperties) = preSolution
		HideSolutionNode = FALSE
	EndGlobalSection
	GlobalSection(ExtensibilityGlobals) = postSolution
		SolutionGuid = {E2A262AC-130A-4094-9BB6-AFCF3A0A9D85}
	EndGlobalSection
EndGlobal
